{
  "object": {
    "pins": [
      {
        "package": "AGDnsProxy",
        "repositoryURL": "https://github.com/AdguardTeam/DnsLibs",
        "state": {
          "branch": null,
          "revision": "6b884441f62ff292ce288dd03075f58e405e7e95",
          "version": "1.5.35"
        }
      },
      {
        "package": "Lottie",
        "repositoryURL": "https://github.com/airbnb/lottie-ios",
        "state": {
          "branch": null,
          "revision": "e428f89675588f2fe58891eac5f7c971098cf1a0",
          "version": "3.2.2"
        }
      },
      {
        "package": "Punycode",
        "repositoryURL": "https://github.com/gumob/PunycodeSwift.git",
        "state": {
          "branch": null,
          "revision": "4356ec54e073741449640d3d50a1fd24fd1e1b8b",
          "version": "2.1.0"
        }
      },
      {
        "package": "ContentBlockerConverter",
        "repositoryURL": "https://github.com/AdguardTeam/SafariConverterLib",
        "state": {
          "branch": null,
          "revision": "92480fad14014c5bd8f84010cf74e27bf23436c8",
          "version": "1.1.14"
        }
      },
      {
        "package": "Setapp",
        "repositoryURL": "https://github.com/MacPaw/Setapp-framework.git",
        "state": {
          "branch": null,
          "revision": "6238b5a173c33337c4efc2029481d9209af4c39d",
          "version": "0.1.0"
        }
      },
      {
        "package": "Zip",
        "repositoryURL": "https://github.com/marmelroy/Zip.git",
        "state": {
          "branch": null,
          "revision": "bd19d974e8a38cc8d3a88c90c8a107386c3b8ccf",
          "version": "2.1.1"
        }
      }
    ]
  },
  "version": 1
}
